
Microsoft Visual Studio Solution File, Format Version 12.00
# Visual Studio 15
VisualStudioVersion = 15.0.28307.1259
MinimumVisualStudioVersion = 10.0.40219.1
Project("{8BC9CEB8-8B4A-11D0-8D11-00A0C91BC942}") = "12-1", "12-1\12-1.vcxproj", "{EFBA8F9E-8BC1-4F75-824C-3B4FF8A6505F}"
EndProject
Global
	GlobalSection(SolutionConfigurationPlatforms) = preSolution
		Debug|x64 = Debug|x64
		Debug|x86 = Debug|x86
		Release|x64 = Release|x64
		Release|x86 = Release|x86
	EndGlobalSection
	GlobalSection(ProjectConfigurationPlatforms) = postSolution
		{EFBA8F9E-8BC1-4F75-824C-3B4FF8A6505F}.Debug|x64.ActiveCfg = Debug|x64
		{EFBA8F9E-8BC1-4F75-824C-3B4FF8A6505F}.Debug|x64.Build.0 = Debug|x64
		{EFBA8F9E-8BC1-4F75-824C-3B4FF8A6505F}.Debug|x86.ActiveCfg = Debug|Win32
		{EFBA8F9E-8BC1-4F75-824C-3B4FF8A6505F}.Debug|x86.Build.0 = Debug|Win32
		{EFBA8F9E-8BC1-4F75-824C-3B4FF8A6505F}.Release|x64.ActiveCfg = Release|x64
		{EFBA8F9E-8BC1-4F75-824C-3B4FF8A6505F}.Release|x64.Build.0 = Release|x64
		{EFBA8F9E-8BC1-4F75-824C-3B4FF8A6505F}.Release|x86.ActiveCfg = Release|Win32
		{EFBA8F9E-8BC1-4F75-824C-3B4FF8A6505F}.Release|x86.Build.0 = Release|Win32
	EndGlobalSection
	GlobalSection(SolutionProperties) = preSolution
		HideSolutionNode = FALSE
	EndGlobalSection
	GlobalSection(ExtensibilityGlobals) = postSolution
		SolutionGuid = {4D17FE9F-BFAF-4B9C-BA34-CF0A937077D9}
	EndGlobalSection
EndGlobal
